{
  "name": "gradlens",
  "version": "1.0.0",
  "lockfileVersion": 3,
  "requires": true,
  "packages": {
    "": {
      "name": "gradlens",
      "version": "1.0.0",
      "workspaces": [
        "apps/web",
        "apps/api",
        "packages/grade-math"
      ]
    },
    "apps/api": {
      "name": "@gradlens/api",
      "version": "1.0.0"
    },
    "apps/web": {
      "name": "@gradlens/web",
      "version": "1.0.0"
    },
    "node_modules/@gradlens/api": {
      "resolved": "apps/api",
      "link": true
    },
    "node_modules/@gradlens/grade-math": {
      "resolved": "packages/grade-math",
      "link": true
    },
    "node_modules/@gradlens/web": {
      "resolved": "apps/web",
      "link": true
    },
    "packages/grade-math": {
      "name": "@gradlens/grade-math",
      "version": "1.0.0"
    }
  }
}
